
Microsoft Visual Studio Solution File, Format Version 12.00
# Visual Studio Version 17
VisualStudioVersion = 17.0.31912.275
MinimumVisualStudioVersion = 10.0.40219.1
Project("{FAE04EC0-301F-11D3-BF4B-00C04F79EFBC}") = "Mozart", "Mozart\Mozart.csproj", "{AE6880D8-AEE5-4E37-80D0-F5C555DA9389}"
EndProject
Global
	GlobalSection(SolutionConfigurationPlatforms) = preSolution
		Debug|Any CPU = Debug|Any CPU
		Release|Any CPU = Release|Any CPU
	EndGlobalSection
	GlobalSection(ProjectConfigurationPlatforms) = postSolution
		{AE6880D8-AEE5-4E37-80D0-F5C555DA9389}.Debug|Any CPU.ActiveCfg = Debug|Any CPU
		{AE6880D8-AEE5-4E37-80D0-F5C555DA9389}.Debug|Any CPU.Build.0 = Debug|Any CPU
		{AE6880D8-AEE5-4E37-80D0-F5C555DA9389}.Release|Any CPU.ActiveCfg = Release|Any CPU
		{AE6880D8-AEE5-4E37-80D0-F5C555DA9389}.Release|Any CPU.Build.0 = Release|Any CPU
	EndGlobalSection
	GlobalSection(SolutionProperties) = preSolution
		HideSolutionNode = FALSE
	EndGlobalSection
	GlobalSection(ExtensibilityGlobals) = postSolution
		SolutionGuid = {D2B43858-D612-4479-A423-F6926E3A437E}
	EndGlobalSection
EndGlobal
